
Microsoft Visual Studio Solution File, Format Version 12.00
# Visual Studio Version 16
VisualStudioVersion = 16.0.32802.440
MinimumVisualStudioVersion = 10.0.40219.1
Project("{9A19103F-16F7-4668-BE54-9A1E7A4F7556}") = "Gestion livres", "Gestion livres\Gestion livres.csproj", "{D359B568-BAF6-4235-AA2A-8F1661869EBE}"
EndProject
Global
	GlobalSection(SolutionConfigurationPlatforms) = preSolution
		Debug|Any CPU = Debug|Any CPU
		Release|Any CPU = Release|Any CPU
	EndGlobalSection
	GlobalSection(ProjectConfigurationPlatforms) = postSolution
		{D359B568-BAF6-4235-AA2A-8F1661869EBE}.Debug|Any CPU.ActiveCfg = Debug|Any CPU
		{D359B568-BAF6-4235-AA2A-8F1661869EBE}.Debug|Any CPU.Build.0 = Debug|Any CPU
		{D359B568-BAF6-4235-AA2A-8F1661869EBE}.Release|Any CPU.ActiveCfg = Release|Any CPU
		{D359B568-BAF6-4235-AA2A-8F1661869EBE}.Release|Any CPU.Build.0 = Release|Any CPU
	EndGlobalSection
	GlobalSection(SolutionProperties) = preSolution
		HideSolutionNode = FALSE
	EndGlobalSection
	GlobalSection(ExtensibilityGlobals) = postSolution
		SolutionGuid = {BF4750BB-2A2A-4051-8916-919C480B5F60}
	EndGlobalSection
EndGlobal
